{
  "lockfileVersion": 1,
  "workspaces": {
    "": {
      "name": "ai-scrapyard",
      "dependencies": {
        "@types/uuid": "^10.0.0",
        "bun": "^1.0.0",
        "uuid": "^11.1.0",
      },
    },
  },
  "packages": {
    "@oven/bun-darwin-aarch64": ["@oven/bun-darwin-aarch64@1.2.7", "", { "os": "darwin", "cpu": "arm64" }, "sha512-pz9bzZpCnUUbU1OGvS3A2Wl8wMH70C32PCXu7KgF4vsPA2f4hF5C7x2Bjq1aaEDaT6sMq3ZI4Eq4afcLuhaGDQ=="],

    "@types/uuid": ["@types/uuid@10.0.0", "", {}, "sha512-7gqG38EyHgyP1S+7+xomFtL+ZNHcKv6DwNaCZmJmo1vgMugyF3TCnXVg4t1uk89mLNwnLtnY3TpOpCOyp1/xHQ=="],

    "bun": ["bun@1.2.7", "", { "optionalDependencies": { "@oven/bun-darwin-aarch64": "1.2.7" }, "os": [ "linux", "win32", "darwin", ], "cpu": [ "x64", "arm64", ], "bin": { "bun": "bin/bun.exe", "bunx": "bin/bun.exe" } }, "sha512-qG4BH08wbAIN7cEXDi22MVUdmteUQLMmiHps8uGCcHcmI10LTyM0p2V8u18ns89rjWhsNZwkxQ3u/Tq10y9oGw=="],

    "uuid": ["uuid@11.1.0", "", { "bin": "dist/esm/bin/uuid" }, "sha512-0/A9rDy9P7cJ+8w1c9WD9V//9Wj15Ce2MPz8Ri6032usz+NfePxx5AcN3bN+r6ZL6jEo066/yNYB3tn4pQEx+A=="],
  }
}
