{
  "name": "spirit-of-kiro",
  "version": "1.0.0",
  "lockfileVersion": 3,
  "requires": true,
  "packages": {
    "": {
      "name": "spirit-of-kiro",
      "version": "1.0.0",
      "dependencies": {
        "@types/uuid": "^10.0.0",
        "bun": "^1.0.0",
        "uuid": "^11.1.0"
      }
    },
    "node_modules/@oven/bun-darwin-aarch64": {
      "version": "1.2.7",
      "resolved": "https://registry.npmjs.org/@oven/bun-darwin-aarch64/-/bun-darwin-aarch64-1.2.7.tgz",
      "integrity": "sha512-pz9bzZpCnUUbU1OGvS3A2Wl8wMH70C32PCXu7KgF4vsPA2f4hF5C7x2Bjq1aaEDaT6sMq3ZI4Eq4afcLuhaGDQ==",
      "cpu": [
        "arm64"
      ],
      "license": "MIT",
      "optional": true,
      "os": [
        "darwin"
      ]
    },
    "node_modules/@types/uuid": {
      "version": "10.0.0",
      "resolved": "https://registry.npmjs.org/@types/uuid/-/uuid-10.0.0.tgz",
      "integrity": "sha512-7gqG38EyHgyP1S+7+xomFtL+ZNHcKv6DwNaCZmJmo1vgMugyF3TCnXVg4t1uk89mLNwnLtnY3TpOpCOyp1/xHQ==",
      "license": "MIT"
    },
    "node_modules/bun": {
      "version": "1.2.7",
      "resolved": "https://registry.npmjs.org/bun/-/bun-1.2.7.tgz",
      "integrity": "sha512-qG4BH08wbAIN7cEXDi22MVUdmteUQLMmiHps8uGCcHcmI10LTyM0p2V8u18ns89rjWhsNZwkxQ3u/Tq10y9oGw==",
      "cpu": [
        "arm64",
        "x64",
        "aarch64"
      ],
      "hasInstallScript": true,
      "license": "MIT",
      "os": [
        "darwin",
        "linux",
        "win32"
      ],
      "bin": {
        "bun": "bin/bun.exe",
        "bunx": "bin/bun.exe"
      },
      "optionalDependencies": {
        "@oven/bun-darwin-aarch64": "1.2.7",
        "@oven/bun-darwin-x64": "1.2.7",
        "@oven/bun-darwin-x64-baseline": "1.2.7",
        "@oven/bun-linux-aarch64": "1.2.7",
        "@oven/bun-linux-aarch64-musl": "1.2.7",
        "@oven/bun-linux-x64": "1.2.7",
        "@oven/bun-linux-x64-baseline": "1.2.7",
        "@oven/bun-linux-x64-musl": "1.2.7",
        "@oven/bun-linux-x64-musl-baseline": "1.2.7",
        "@oven/bun-windows-x64": "1.2.7",
        "@oven/bun-windows-x64-baseline": "1.2.7"
      }
    },
    "node_modules/uuid": {
      "version": "11.1.0",
      "resolved": "https://registry.npmjs.org/uuid/-/uuid-11.1.0.tgz",
      "integrity": "sha512-0/A9rDy9P7cJ+8w1c9WD9V//9Wj15Ce2MPz8Ri6032usz+NfePxx5AcN3bN+r6ZL6jEo066/yNYB3tn4pQEx+A==",
      "funding": [
        "https://github.com/sponsors/broofa",
        "https://github.com/sponsors/ctavan"
      ],
      "license": "MIT",
      "bin": {
        "uuid": "dist/esm/bin/uuid"
      }
    }
  }
}
